
Microsoft Visual Studio Solution File, Format Version 12.00
# Visual Studio Version 16
VisualStudioVersion = 16.0.28803.202
MinimumVisualStudioVersion = 10.0.40219.1
Project("{9092AA53-FB77-4645-B42D-1CCCA6BD08BD}") = "BookieBasher.Scraper", "Scraper\BookieBasher.Scraper.njsproj", "{70EEE797-0AB6-4112-A007-E365E5196135}"
EndProject
Global
	GlobalSection(SolutionConfigurationPlatforms) = preSolution
		Debug|Any CPU = Debug|Any CPU
		Release|Any CPU = Release|Any CPU
	EndGlobalSection
	GlobalSection(ProjectConfigurationPlatforms) = postSolution
		{70EEE797-0AB6-4112-A007-E365E5196135}.Debug|Any CPU.ActiveCfg = Debug|Any CPU
		{70EEE797-0AB6-4112-A007-E365E5196135}.Debug|Any CPU.Build.0 = Debug|Any CPU
		{70EEE797-0AB6-4112-A007-E365E5196135}.Release|Any CPU.ActiveCfg = Release|Any CPU
		{70EEE797-0AB6-4112-A007-E365E5196135}.Release|Any CPU.Build.0 = Release|Any CPU
	EndGlobalSection
	GlobalSection(SolutionProperties) = preSolution
		HideSolutionNode = FALSE
	EndGlobalSection
	GlobalSection(ExtensibilityGlobals) = postSolution
		SolutionGuid = {09A48DE7-DBCD-430B-B8F8-E616482062A7}
	EndGlobalSection
EndGlobal
